
Microsoft Visual Studio Solution File, Format Version 10.00
# Visual Studio 2008
Project("{FAE04EC0-301F-11D3-BF4B-00C04F79EFBC}") = "Iridium", "..\MathNet.Iridium-2008.8.16.470\Sources\Library\Iridium.csproj", "{26FC15DE-EFDA-403A-8284-1E2A4AE8A9D8}"
EndProject
Project("{FAE04EC0-301F-11D3-BF4B-00C04F79EFBC}") = "Iridium.Test", "..\MathNet.Iridium-2008.8.16.470\Tests\Iridium.Test.csproj", "{5339BD38-ECD9-4EF5-9E7F-1974F4D0D181}"
EndProject
Project("{FAE04EC0-301F-11D3-BF4B-00C04F79EFBC}") = "IGTestMathNet", "IGTestMathNet\IGTestMathNet.csproj", "{7948808F-155D-4930-B140-3A2A2D5EA144}"
EndProject
Global
	GlobalSection(SolutionConfigurationPlatforms) = preSolution
		Debug|Any CPU = Debug|Any CPU
		Release|Any CPU = Release|Any CPU
	EndGlobalSection
	GlobalSection(ProjectConfigurationPlatforms) = postSolution
		{26FC15DE-EFDA-403A-8284-1E2A4AE8A9D8}.Debug|Any CPU.ActiveCfg = Debug|Any CPU
		{26FC15DE-EFDA-403A-8284-1E2A4AE8A9D8}.Debug|Any CPU.Build.0 = Debug|Any CPU
		{26FC15DE-EFDA-403A-8284-1E2A4AE8A9D8}.Release|Any CPU.ActiveCfg = Release|Any CPU
		{26FC15DE-EFDA-403A-8284-1E2A4AE8A9D8}.Release|Any CPU.Build.0 = Release|Any CPU
		{5339BD38-ECD9-4EF5-9E7F-1974F4D0D181}.Debug|Any CPU.ActiveCfg = Debug|Any CPU
		{5339BD38-ECD9-4EF5-9E7F-1974F4D0D181}.Debug|Any CPU.Build.0 = Debug|Any CPU
		{5339BD38-ECD9-4EF5-9E7F-1974F4D0D181}.Release|Any CPU.ActiveCfg = Release|Any CPU
		{5339BD38-ECD9-4EF5-9E7F-1974F4D0D181}.Release|Any CPU.Build.0 = Release|Any CPU
		{7948808F-155D-4930-B140-3A2A2D5EA144}.Debug|Any CPU.ActiveCfg = Debug|Any CPU
		{7948808F-155D-4930-B140-3A2A2D5EA144}.Debug|Any CPU.Build.0 = Debug|Any CPU
		{7948808F-155D-4930-B140-3A2A2D5EA144}.Release|Any CPU.ActiveCfg = Release|Any CPU
		{7948808F-155D-4930-B140-3A2A2D5EA144}.Release|Any CPU.Build.0 = Release|Any CPU
	EndGlobalSection
	GlobalSection(SolutionProperties) = preSolution
		HideSolutionNode = FALSE
	EndGlobalSection
EndGlobal
