
Microsoft Visual Studio Solution File, Format Version 11.00
# Visual Web Developer Express 2010
Project("{FAE04EC0-301F-11D3-BF4B-00C04F79EFBC}") = "WS_Develop_Cs", "WS_Develop_Cs.csproj", "{705D70F6-D78F-45B0-B984-8EB93E730AB1}"
EndProject
Project("{FAE04EC0-301F-11D3-BF4B-00C04F79EFBC}") = "WS_Develop1", "WS_Develop1.csproj", "{AAD09DB6-D300-42C6-93E5-9F9508292399}"
EndProject
Global
	GlobalSection(SolutionConfigurationPlatforms) = preSolution
		Debug|Any CPU = Debug|Any CPU
		Debug|Mixed Platforms = Debug|Mixed Platforms
		Debug|x86 = Debug|x86
		Release|Any CPU = Release|Any CPU
		Release|Mixed Platforms = Release|Mixed Platforms
		Release|x86 = Release|x86
	EndGlobalSection
	GlobalSection(ProjectConfigurationPlatforms) = postSolution
		{705D70F6-D78F-45B0-B984-8EB93E730AB1}.Debug|Any CPU.ActiveCfg = Debug|x86
		{705D70F6-D78F-45B0-B984-8EB93E730AB1}.Debug|Mixed Platforms.ActiveCfg = Debug|x86
		{705D70F6-D78F-45B0-B984-8EB93E730AB1}.Debug|Mixed Platforms.Build.0 = Debug|x86
		{705D70F6-D78F-45B0-B984-8EB93E730AB1}.Debug|x86.ActiveCfg = Debug|x86
		{705D70F6-D78F-45B0-B984-8EB93E730AB1}.Debug|x86.Build.0 = Debug|x86
		{705D70F6-D78F-45B0-B984-8EB93E730AB1}.Release|Any CPU.ActiveCfg = Release|x86
		{705D70F6-D78F-45B0-B984-8EB93E730AB1}.Release|Mixed Platforms.ActiveCfg = Release|x86
		{705D70F6-D78F-45B0-B984-8EB93E730AB1}.Release|Mixed Platforms.Build.0 = Release|x86
		{705D70F6-D78F-45B0-B984-8EB93E730AB1}.Release|x86.ActiveCfg = Release|x86
		{705D70F6-D78F-45B0-B984-8EB93E730AB1}.Release|x86.Build.0 = Release|x86
		{AAD09DB6-D300-42C6-93E5-9F9508292399}.Debug|Any CPU.ActiveCfg = Debug|Any CPU
		{AAD09DB6-D300-42C6-93E5-9F9508292399}.Debug|Any CPU.Build.0 = Debug|Any CPU
		{AAD09DB6-D300-42C6-93E5-9F9508292399}.Debug|Mixed Platforms.ActiveCfg = Debug|Any CPU
		{AAD09DB6-D300-42C6-93E5-9F9508292399}.Debug|Mixed Platforms.Build.0 = Debug|Any CPU
		{AAD09DB6-D300-42C6-93E5-9F9508292399}.Debug|x86.ActiveCfg = Debug|Any CPU
		{AAD09DB6-D300-42C6-93E5-9F9508292399}.Release|Any CPU.ActiveCfg = Release|Any CPU
		{AAD09DB6-D300-42C6-93E5-9F9508292399}.Release|Any CPU.Build.0 = Release|Any CPU
		{AAD09DB6-D300-42C6-93E5-9F9508292399}.Release|Mixed Platforms.ActiveCfg = Release|Any CPU
		{AAD09DB6-D300-42C6-93E5-9F9508292399}.Release|Mixed Platforms.Build.0 = Release|Any CPU
		{AAD09DB6-D300-42C6-93E5-9F9508292399}.Release|x86.ActiveCfg = Release|Any CPU
	EndGlobalSection
	GlobalSection(SolutionProperties) = preSolution
		HideSolutionNode = FALSE
	EndGlobalSection
EndGlobal
